// !$*UTF8*$!
{
	archiveVersion = 1;
	classes = {
	};
	objectVersion = 46;
	objects = {

/* Begin PBXBuildFile section */
		915F7B011CF5748200F3DE9A /* AppDelegate.swift in Sources */ = {isa = PBXBuildFile; fileRef = 915F7B001CF5748200F3DE9A /* AppDelegate.swift */; };
		915F7B031CF5748200F3DE9A /* RemoteVideoViewController.swift in Sources */ = {isa = PBXBuildFile; fileRef = 915F7B021CF5748200F3DE9A /* RemoteVideoViewController.swift */; };
		915F7B061CF5748200F3DE9A /* Main.storyboard in Resources */ = {isa = PBXBuildFile; fileRef = 915F7B041CF5748200F3DE9A /* Main.storyboard */; };
		915F7B081CF5748200F3DE9A /* Assets.xcassets in Resources */ = {isa = PBXBuildFile; fileRef = 915F7B071CF5748200F3DE9A /* Assets.xcassets */; };
		915F7B0B1CF5748200F3DE9A /* LaunchScreen.storyboard in Resources */ = {isa = PBXBuildFile; fileRef = 915F7B091CF5748200F3DE9A /* LaunchScreen.storyboard */; };
		915F7B161CF5785600F3DE9A /* Foundation.framework in Frameworks */ = {isa = PBXBuildFile; fileRef = 915F7B151CF5785600F3DE9A /* Foundation.framework */; };
		915F7B181CF5785D00F3DE9A /* CFNetwork.framework in Frameworks */ = {isa = PBXBuildFile; fileRef = 915F7B171CF5785D00F3DE9A /* CFNetwork.framework */; };
		915F7B1A1CF5786500F3DE9A /* Security.framework in Frameworks */ = {isa = PBXBuildFile; fileRef = 915F7B191CF5786500F3DE9A /* Security.framework */; };
		915F7B1D1CF57CD600F3DE9A /* libicucore.tbd in Frameworks */ = {isa = PBXBuildFile; fileRef = 915F7B1C1CF57CD600F3DE9A /* libicucore.tbd */; };
		915F7B291CF57D2F00F3DE9A /* AudioToolbox.framework in Frameworks */ = {isa = PBXBuildFile; fileRef = 915F7B281CF57D2F00F3DE9A /* AudioToolbox.framework */; };
		915F7B2A1CF57D3800F3DE9A /* CoreMedia.framework in Frameworks */ = {isa = PBXBuildFile; fileRef = 915F7B241CF57D1500F3DE9A /* CoreMedia.framework */; };
		915F7B2B1CF57D4200F3DE9A /* AVFoundation.framework in Frameworks */ = {isa = PBXBuildFile; fileRef = 915F7B221CF57D0500F3DE9A /* AVFoundation.framework */; };
		915F7B2F1CF57D5D00F3DE9A /* VideoToolbox.framework in Frameworks */ = {isa = PBXBuildFile; fileRef = 915F7B2E1CF57D5D00F3DE9A /* VideoToolbox.framework */; };
		918EC0D61D377BC0006E769A /* Sora.framework in Frameworks */ = {isa = PBXBuildFile; fileRef = 915F7B131CF5776500F3DE9A /* Sora.framework */; };
		91AF4C471D473DC70026454A /* LocalVideoViewController.swift in Sources */ = {isa = PBXBuildFile; fileRef = 91AF4C461D473DC70026454A /* LocalVideoViewController.swift */; };
		91D33B901D38CD2200D2BD11 /* libc++.tbd in Frameworks */ = {isa = PBXBuildFile; fileRef = 91D33B8F1D38CD2200D2BD11 /* libc++.tbd */; };
		91D33B911D38CD2D00D2BD11 /* libstdc++.tbd in Frameworks */ = {isa = PBXBuildFile; fileRef = 91D33B8D1D38CD0A00D2BD11 /* libstdc++.tbd */; };
/* End PBXBuildFile section */

/* Begin PBXFileReference section */
		915F7AFD1CF5748200F3DE9A /* SoraDemo.app */ = {isa = PBXFileReference; explicitFileType = wrapper.application; includeInIndex = 0; path = SoraDemo.app; sourceTree = BUILT_PRODUCTS_DIR; };
		915F7B001CF5748200F3DE9A /* AppDelegate.swift */ = {isa = PBXFileReference; lastKnownFileType = sourcecode.swift; path = AppDelegate.swift; sourceTree = "<group>"; };
		915F7B021CF5748200F3DE9A /* RemoteVideoViewController.swift */ = {isa = PBXFileReference; lastKnownFileType = sourcecode.swift; path = RemoteVideoViewController.swift; sourceTree = "<group>"; };
		915F7B051CF5748200F3DE9A /* Base */ = {isa = PBXFileReference; lastKnownFileType = file.storyboard; name = Base; path = Base.lproj/Main.storyboard; sourceTree = "<group>"; };
		915F7B071CF5748200F3DE9A /* Assets.xcassets */ = {isa = PBXFileReference; lastKnownFileType = folder.assetcatalog; path = Assets.xcassets; sourceTree = "<group>"; };
		915F7B0A1CF5748200F3DE9A /* Base */ = {isa = PBXFileReference; lastKnownFileType = file.storyboard; name = Base; path = Base.lproj/LaunchScreen.storyboard; sourceTree = "<group>"; };
		915F7B0C1CF5748200F3DE9A /* Info.plist */ = {isa = PBXFileReference; lastKnownFileType = text.plist.xml; path = Info.plist; sourceTree = "<group>"; };
		915F7B131CF5776500F3DE9A /* Sora.framework */ = {isa = PBXFileReference; lastKnownFileType = wrapper.framework; name = Sora.framework; path = SoraDemo/Sora.framework; sourceTree = "<group>"; };
		915F7B151CF5785600F3DE9A /* Foundation.framework */ = {isa = PBXFileReference; lastKnownFileType = wrapper.framework; name = Foundation.framework; path = System/Library/Frameworks/Foundation.framework; sourceTree = SDKROOT; };
		915F7B171CF5785D00F3DE9A /* CFNetwork.framework */ = {isa = PBXFileReference; lastKnownFileType = wrapper.framework; name = CFNetwork.framework; path = System/Library/Frameworks/CFNetwork.framework; sourceTree = SDKROOT; };
		915F7B191CF5786500F3DE9A /* Security.framework */ = {isa = PBXFileReference; lastKnownFileType = wrapper.framework; name = Security.framework; path = System/Library/Frameworks/Security.framework; sourceTree = SDKROOT; };
		915F7B1B1CF57A7200F3DE9A /* SoraDemo-Bridging-Header.h */ = {isa = PBXFileReference; lastKnownFileType = sourcecode.c.h; path = "SoraDemo-Bridging-Header.h"; sourceTree = "<group>"; };
		915F7B1C1CF57CD600F3DE9A /* libicucore.tbd */ = {isa = PBXFileReference; lastKnownFileType = "sourcecode.text-based-dylib-definition"; name = libicucore.tbd; path = usr/lib/libicucore.tbd; sourceTree = SDKROOT; };
		915F7B1E1CF57CED00F3DE9A /* AVKit.framework */ = {isa = PBXFileReference; lastKnownFileType = wrapper.framework; name = AVKit.framework; path = System/Library/Frameworks/AVKit.framework; sourceTree = SDKROOT; };
		915F7B201CF57CFA00F3DE9A /* CoreAudio.framework */ = {isa = PBXFileReference; lastKnownFileType = wrapper.framework; name = CoreAudio.framework; path = System/Library/Frameworks/CoreAudio.framework; sourceTree = SDKROOT; };
		915F7B221CF57D0500F3DE9A /* AVFoundation.framework */ = {isa = PBXFileReference; lastKnownFileType = wrapper.framework; name = AVFoundation.framework; path = System/Library/Frameworks/AVFoundation.framework; sourceTree = SDKROOT; };
		915F7B241CF57D1500F3DE9A /* CoreMedia.framework */ = {isa = PBXFileReference; lastKnownFileType = wrapper.framework; name = CoreMedia.framework; path = System/Library/Frameworks/CoreMedia.framework; sourceTree = SDKROOT; };
		915F7B261CF57D1E00F3DE9A /* MediaToolbox.framework */ = {isa = PBXFileReference; lastKnownFileType = wrapper.framework; name = MediaToolbox.framework; path = System/Library/Frameworks/MediaToolbox.framework; sourceTree = SDKROOT; };
		915F7B281CF57D2F00F3DE9A /* AudioToolbox.framework */ = {isa = PBXFileReference; lastKnownFileType = wrapper.framework; name = AudioToolbox.framework; path = System/Library/Frameworks/AudioToolbox.framework; sourceTree = SDKROOT; };
		915F7B2E1CF57D5D00F3DE9A /* VideoToolbox.framework */ = {isa = PBXFileReference; lastKnownFileType = wrapper.framework; name = VideoToolbox.framework; path = System/Library/Frameworks/VideoToolbox.framework; sourceTree = SDKROOT; };
		91AF4C461D473DC70026454A /* LocalVideoViewController.swift */ = {isa = PBXFileReference; fileEncoding = 4; lastKnownFileType = sourcecode.swift; path = LocalVideoViewController.swift; sourceTree = "<group>"; };
		91D33B8D1D38CD0A00D2BD11 /* libstdc++.tbd */ = {isa = PBXFileReference; lastKnownFileType = "sourcecode.text-based-dylib-definition"; name = "libstdc++.tbd"; path = "usr/lib/libstdc++.tbd"; sourceTree = SDKROOT; };
		91D33B8F1D38CD2200D2BD11 /* libc++.tbd */ = {isa = PBXFileReference; lastKnownFileType = "sourcecode.text-based-dylib-definition"; name = "libc++.tbd"; path = "usr/lib/libc++.tbd"; sourceTree = SDKROOT; };
/* End PBXFileReference section */

/* Begin PBXFrameworksBuildPhase section */
		915F7AFA1CF5748200F3DE9A /* Frameworks */ = {
			isa = PBXFrameworksBuildPhase;
			buildActionMask = 2147483647;
			files = (
				91D33B901D38CD2200D2BD11 /* libc++.tbd in Frameworks */,
				915F7B2F1CF57D5D00F3DE9A /* VideoToolbox.framework in Frameworks */,
				915F7B2B1CF57D4200F3DE9A /* AVFoundation.framework in Frameworks */,
				915F7B2A1CF57D3800F3DE9A /* CoreMedia.framework in Frameworks */,
				915F7B291CF57D2F00F3DE9A /* AudioToolbox.framework in Frameworks */,
				918EC0D61D377BC0006E769A /* Sora.framework in Frameworks */,
				915F7B1D1CF57CD600F3DE9A /* libicucore.tbd in Frameworks */,
				91D33B911D38CD2D00D2BD11 /* libstdc++.tbd in Frameworks */,
				915F7B1A1CF5786500F3DE9A /* Security.framework in Frameworks */,
				915F7B181CF5785D00F3DE9A /* CFNetwork.framework in Frameworks */,
				915F7B161CF5785600F3DE9A /* Foundation.framework in Frameworks */,
			);
			runOnlyForDeploymentPostprocessing = 0;
		};
/* End PBXFrameworksBuildPhase section */

/* Begin PBXGroup section */
		915F7AF41CF5748200F3DE9A = {
			isa = PBXGroup;
			children = (
				915F7AFF1CF5748200F3DE9A /* SoraDemo */,
				915F7B121CF5767800F3DE9A /* Frameworks */,
				915F7AFE1CF5748200F3DE9A /* Products */,
			);
			sourceTree = "<group>";
		};
		915F7AFE1CF5748200F3DE9A /* Products */ = {
			isa = PBXGroup;
			children = (
				915F7AFD1CF5748200F3DE9A /* SoraDemo.app */,
			);
			name = Products;
			sourceTree = "<group>";
		};
		915F7AFF1CF5748200F3DE9A /* SoraDemo */ = {
			isa = PBXGroup;
			children = (
				915F7B001CF5748200F3DE9A /* AppDelegate.swift */,
				915F7B021CF5748200F3DE9A /* RemoteVideoViewController.swift */,
				91AF4C461D473DC70026454A /* LocalVideoViewController.swift */,
				915F7B041CF5748200F3DE9A /* Main.storyboard */,
				915F7B071CF5748200F3DE9A /* Assets.xcassets */,
				915F7B091CF5748200F3DE9A /* LaunchScreen.storyboard */,
				915F7B0C1CF5748200F3DE9A /* Info.plist */,
				915F7B1B1CF57A7200F3DE9A /* SoraDemo-Bridging-Header.h */,
			);
			path = SoraDemo;
			sourceTree = "<group>";
		};
		915F7B121CF5767800F3DE9A /* Frameworks */ = {
			isa = PBXGroup;
			children = (
				91D33B8F1D38CD2200D2BD11 /* libc++.tbd */,
				91D33B8D1D38CD0A00D2BD11 /* libstdc++.tbd */,
				915F7B281CF57D2F00F3DE9A /* AudioToolbox.framework */,
				915F7B221CF57D0500F3DE9A /* AVFoundation.framework */,
				915F7B1E1CF57CED00F3DE9A /* AVKit.framework */,
				915F7B171CF5785D00F3DE9A /* CFNetwork.framework */,
				915F7B201CF57CFA00F3DE9A /* CoreAudio.framework */,
				915F7B241CF57D1500F3DE9A /* CoreMedia.framework */,
				915F7B151CF5785600F3DE9A /* Foundation.framework */,
				915F7B261CF57D1E00F3DE9A /* MediaToolbox.framework */,
				915F7B191CF5786500F3DE9A /* Security.framework */,
				915F7B131CF5776500F3DE9A /* Sora.framework */,
				915F7B2E1CF57D5D00F3DE9A /* VideoToolbox.framework */,
				915F7B1C1CF57CD600F3DE9A /* libicucore.tbd */,
			);
			name = Frameworks;
			sourceTree = "<group>";
		};
/* End PBXGroup section */

/* Begin PBXNativeTarget section */
		915F7AFC1CF5748200F3DE9A /* SoraDemo */ = {
			isa = PBXNativeTarget;
			buildConfigurationList = 915F7B0F1CF5748200F3DE9A /* Build configuration list for PBXNativeTarget "SoraDemo" */;
			buildPhases = (
				915F7AF91CF5748200F3DE9A /* Sources */,
				915F7AFA1CF5748200F3DE9A /* Frameworks */,
				915F7AFB1CF5748200F3DE9A /* Resources */,
			);
			buildRules = (
			);
			dependencies = (
			);
			name = SoraDemo;
			productName = SoraDemo;
			productReference = 915F7AFD1CF5748200F3DE9A /* SoraDemo.app */;
			productType = "com.apple.product-type.application";
		};
/* End PBXNativeTarget section */

/* Begin PBXProject section */
		915F7AF51CF5748200F3DE9A /* Project object */ = {
			isa = PBXProject;
			attributes = {
				LastSwiftUpdateCheck = 0730;
				LastUpgradeCheck = 0730;
				ORGANIZATIONNAME = "Shiguredo Inc.";
				TargetAttributes = {
					915F7AFC1CF5748200F3DE9A = {
						CreatedOnToolsVersion = 7.3;
						DevelopmentTeam = DQ232CBKHS;
					};
				};
			};
			buildConfigurationList = 915F7AF81CF5748200F3DE9A /* Build configuration list for PBXProject "SoraDemo" */;
			compatibilityVersion = "Xcode 3.2";
			developmentRegion = English;
			hasScannedForEncodings = 0;
			knownRegions = (
				en,
				Base,
			);
			mainGroup = 915F7AF41CF5748200F3DE9A;
			productRefGroup = 915F7AFE1CF5748200F3DE9A /* Products */;
			projectDirPath = "";
			projectRoot = "";
			targets = (
				915F7AFC1CF5748200F3DE9A /* SoraDemo */,
			);
		};
/* End PBXProject section */

/* Begin PBXResourcesBuildPhase section */
		915F7AFB1CF5748200F3DE9A /* Resources */ = {
			isa = PBXResourcesBuildPhase;
			buildActionMask = 2147483647;
			files = (
				915F7B0B1CF5748200F3DE9A /* LaunchScreen.storyboard in Resources */,
				915F7B081CF5748200F3DE9A /* Assets.xcassets in Resources */,
				915F7B061CF5748200F3DE9A /* Main.storyboard in Resources */,
			);
			runOnlyForDeploymentPostprocessing = 0;
		};
/* End PBXResourcesBuildPhase section */

/* Begin PBXSourcesBuildPhase section */
		915F7AF91CF5748200F3DE9A /* Sources */ = {
			isa = PBXSourcesBuildPhase;
			buildActionMask = 2147483647;
			files = (
				91AF4C471D473DC70026454A /* LocalVideoViewController.swift in Sources */,
				915F7B031CF5748200F3DE9A /* RemoteVideoViewController.swift in Sources */,
				915F7B011CF5748200F3DE9A /* AppDelegate.swift in Sources */,
			);
			runOnlyForDeploymentPostprocessing = 0;
		};
/* End PBXSourcesBuildPhase section */

/* Begin PBXVariantGroup section */
		915F7B041CF5748200F3DE9A /* Main.storyboard */ = {
			isa = PBXVariantGroup;
			children = (
				915F7B051CF5748200F3DE9A /* Base */,
			);
			name = Main.storyboard;
			sourceTree = "<group>";
		};
		915F7B091CF5748200F3DE9A /* LaunchScreen.storyboard */ = {
			isa = PBXVariantGroup;
			children = (
				915F7B0A1CF5748200F3DE9A /* Base */,
			);
			name = LaunchScreen.storyboard;
			sourceTree = "<group>";
		};
/* End PBXVariantGroup section */

/* Begin XCBuildConfiguration section */
		915F7B0D1CF5748200F3DE9A /* Debug */ = {
			isa = XCBuildConfiguration;
			buildSettings = {
				ALWAYS_SEARCH_USER_PATHS = NO;
				CLANG_ANALYZER_NONNULL = YES;
				CLANG_CXX_LANGUAGE_STANDARD = "gnu++0x";
				CLANG_CXX_LIBRARY = "libc++";
				CLANG_ENABLE_MODULES = YES;
				CLANG_ENABLE_OBJC_ARC = YES;
				CLANG_WARN_BOOL_CONVERSION = YES;
				CLANG_WARN_CONSTANT_CONVERSION = YES;
				CLANG_WARN_DIRECT_OBJC_ISA_USAGE = YES_ERROR;
				CLANG_WARN_EMPTY_BODY = YES;
				CLANG_WARN_ENUM_CONVERSION = YES;
				CLANG_WARN_INT_CONVERSION = YES;
				CLANG_WARN_OBJC_ROOT_CLASS = YES_ERROR;
				CLANG_WARN_UNREACHABLE_CODE = YES;
				CLANG_WARN__DUPLICATE_METHOD_MATCH = YES;
				"CODE_SIGN_IDENTITY[sdk=iphoneos*]" = "iPhone Developer";
				COPY_PHASE_STRIP = NO;
				DEBUG_INFORMATION_FORMAT = dwarf;
				ENABLE_STRICT_OBJC_MSGSEND = YES;
				ENABLE_TESTABILITY = YES;
				GCC_C_LANGUAGE_STANDARD = gnu99;
				GCC_DYNAMIC_NO_PIC = NO;
				GCC_NO_COMMON_BLOCKS = YES;
				GCC_OPTIMIZATION_LEVEL = 0;
				GCC_PREPROCESSOR_DEFINITIONS = (
					"DEBUG=1",
					"$(inherited)",
				);
				GCC_WARN_64_TO_32_BIT_CONVERSION = YES;
				GCC_WARN_ABOUT_RETURN_TYPE = YES_ERROR;
				GCC_WARN_UNDECLARED_SELECTOR = YES;
				GCC_WARN_UNINITIALIZED_AUTOS = YES_AGGRESSIVE;
				GCC_WARN_UNUSED_FUNCTION = YES;
				GCC_WARN_UNUSED_VARIABLE = YES;
				IPHONEOS_DEPLOYMENT_TARGET = 9.3;
				MTL_ENABLE_DEBUG_INFO = YES;
				ONLY_ACTIVE_ARCH = YES;
				SDKROOT = iphoneos;
				SWIFT_OPTIMIZATION_LEVEL = "-Onone";
				TARGETED_DEVICE_FAMILY = "1,2";
			};
			name = Debug;
		};
		915F7B0E1CF5748200F3DE9A /* Release */ = {
			isa = XCBuildConfiguration;
			buildSettings = {
				ALWAYS_SEARCH_USER_PATHS = NO;
				CLANG_ANALYZER_NONNULL = YES;
				CLANG_CXX_LANGUAGE_STANDARD = "gnu++0x";
				CLANG_CXX_LIBRARY = "libc++";
				CLANG_ENABLE_MODULES = YES;
				CLANG_ENABLE_OBJC_ARC = YES;
				CLANG_WARN_BOOL_CONVERSION = YES;
				CLANG_WARN_CONSTANT_CONVERSION = YES;
				CLANG_WARN_DIRECT_OBJC_ISA_USAGE = YES_ERROR;
				CLANG_WARN_EMPTY_BODY = YES;
				CLANG_WARN_ENUM_CONVERSION = YES;
				CLANG_WARN_INT_CONVERSION = YES;
				CLANG_WARN_OBJC_ROOT_CLASS = YES_ERROR;
				CLANG_WARN_UNREACHABLE_CODE = YES;
				CLANG_WARN__DUPLICATE_METHOD_MATCH = YES;
				"CODE_SIGN_IDENTITY[sdk=iphoneos*]" = "iPhone Developer";
				COPY_PHASE_STRIP = NO;
				DEBUG_INFORMATION_FORMAT = "dwarf-with-dsym";
				ENABLE_NS_ASSERTIONS = NO;
				ENABLE_STRICT_OBJC_MSGSEND = YES;
				GCC_C_LANGUAGE_STANDARD = gnu99;
				GCC_NO_COMMON_BLOCKS = YES;
				GCC_WARN_64_TO_32_BIT_CONVERSION = YES;
				GCC_WARN_ABOUT_RETURN_TYPE = YES_ERROR;
				GCC_WARN_UNDECLARED_SELECTOR = YES;
				GCC_WARN_UNINITIALIZED_AUTOS = YES_AGGRESSIVE;
				GCC_WARN_UNUSED_FUNCTION = YES;
				GCC_WARN_UNUSED_VARIABLE = YES;
				IPHONEOS_DEPLOYMENT_TARGET = 9.3;
				MTL_ENABLE_DEBUG_INFO = NO;
				SDKROOT = iphoneos;
				TARGETED_DEVICE_FAMILY = "1,2";
				VALIDATE_PRODUCT = YES;
			};
			name = Release;
		};
		915F7B101CF5748200F3DE9A /* Debug */ = {
			isa = XCBuildConfiguration;
			buildSettings = {
				ASSETCATALOG_COMPILER_APPICON_NAME = AppIcon;
				CODE_SIGN_IDENTITY = "iPhone Developer";
				"CODE_SIGN_IDENTITY[sdk=iphoneos*]" = "iPhone Developer";
				ENABLE_BITCODE = NO;
				FRAMEWORK_SEARCH_PATHS = (
					"$(inherited)",
					"$(PROJECT_DIR)/SoraDemo",
				);
				INFOPLIST_FILE = SoraDemo/Info.plist;
				LD_RUNPATH_SEARCH_PATHS = "$(inherited) @executable_path/Frameworks";
				LIBRARY_SEARCH_PATHS = (
					"$(inherited)",
					"$(PROJECT_DIR)/SoraDemo",
				);
				OTHER_LDFLAGS = "-ObjC";
				PRODUCT_BUNDLE_IDENTIFIER = jp.shiguredo.SoraDemo;
				PRODUCT_NAME = "$(TARGET_NAME)";
				PROVISIONING_PROFILE = "9a1d3a00-84da-4b12-b437-6482546e03f6";
				SWIFT_OBJC_BRIDGING_HEADER = "SoraDemo/SoraDemo-Bridging-Header.h";
			};
			name = Debug;
		};
		915F7B111CF5748200F3DE9A /* Release */ = {
			isa = XCBuildConfiguration;
			buildSettings = {
				ASSETCATALOG_COMPILER_APPICON_NAME = AppIcon;
				CODE_SIGN_IDENTITY = "iPhone Developer";
				"CODE_SIGN_IDENTITY[sdk=iphoneos*]" = "iPhone Developer";
				ENABLE_BITCODE = NO;
				FRAMEWORK_SEARCH_PATHS = (
					"$(inherited)",
					"$(PROJECT_DIR)/SoraDemo",
				);
				INFOPLIST_FILE = SoraDemo/Info.plist;
				LD_RUNPATH_SEARCH_PATHS = "$(inherited) @executable_path/Frameworks";
				LIBRARY_SEARCH_PATHS = (
					"$(inherited)",
					"$(PROJECT_DIR)/SoraDemo",
				);
				OTHER_LDFLAGS = "-ObjC";
				PRODUCT_BUNDLE_IDENTIFIER = jp.shiguredo.SoraDemo;
				PRODUCT_NAME = "$(TARGET_NAME)";
				PROVISIONING_PROFILE = "9a1d3a00-84da-4b12-b437-6482546e03f6";
				SWIFT_OBJC_BRIDGING_HEADER = "SoraDemo/SoraDemo-Bridging-Header.h";
			};
			name = Release;
		};
/* End XCBuildConfiguration section */

/* Begin XCConfigurationList section */
		915F7AF81CF5748200F3DE9A /* Build configuration list for PBXProject "SoraDemo" */ = {
			isa = XCConfigurationList;
			buildConfigurations = (
				915F7B0D1CF5748200F3DE9A /* Debug */,
				915F7B0E1CF5748200F3DE9A /* Release */,
			);
			defaultConfigurationIsVisible = 0;
			defaultConfigurationName = Release;
		};
		915F7B0F1CF5748200F3DE9A /* Build configuration list for PBXNativeTarget "SoraDemo" */ = {
			isa = XCConfigurationList;
			buildConfigurations = (
				915F7B101CF5748200F3DE9A /* Debug */,
				915F7B111CF5748200F3DE9A /* Release */,
			);
			defaultConfigurationIsVisible = 0;
			defaultConfigurationName = Release;
		};
/* End XCConfigurationList section */
	};
	rootObject = 915F7AF51CF5748200F3DE9A /* Project object */;
}
